
Microsoft Visual Studio Solution File, Format Version 12.00
# Visual Studio Version 16
VisualStudioVersion = 16.0.30717.126
MinimumVisualStudioVersion = 10.0.40219.1
Project("{9A19103F-16F7-4668-BE54-9A1E7A4F7556}") = "MaintCLI", "MaintCLI\MaintCLI.csproj", "{B31F747B-30DA-42DC-8850-170766AAF04F}"
EndProject
Project("{FAE04EC0-301F-11D3-BF4B-00C04F79EFBC}") = "SimpleTest", "SimpleTest\SimpleTest.csproj", "{19817324-E273-43F0-A506-DE4D863E4E48}"
EndProject
Global
	GlobalSection(SolutionConfigurationPlatforms) = preSolution
		Debug|Any CPU = Debug|Any CPU
		Release|Any CPU = Release|Any CPU
	EndGlobalSection
	GlobalSection(ProjectConfigurationPlatforms) = postSolution
		{B31F747B-30DA-42DC-8850-170766AAF04F}.Debug|Any CPU.ActiveCfg = Debug|Any CPU
		{B31F747B-30DA-42DC-8850-170766AAF04F}.Debug|Any CPU.Build.0 = Debug|Any CPU
		{B31F747B-30DA-42DC-8850-170766AAF04F}.Release|Any CPU.ActiveCfg = Release|Any CPU
		{B31F747B-30DA-42DC-8850-170766AAF04F}.Release|Any CPU.Build.0 = Release|Any CPU
		{19817324-E273-43F0-A506-DE4D863E4E48}.Debug|Any CPU.ActiveCfg = Debug|Any CPU
		{19817324-E273-43F0-A506-DE4D863E4E48}.Debug|Any CPU.Build.0 = Debug|Any CPU
		{19817324-E273-43F0-A506-DE4D863E4E48}.Release|Any CPU.ActiveCfg = Release|Any CPU
		{19817324-E273-43F0-A506-DE4D863E4E48}.Release|Any CPU.Build.0 = Release|Any CPU
	EndGlobalSection
	GlobalSection(SolutionProperties) = preSolution
		HideSolutionNode = FALSE
	EndGlobalSection
	GlobalSection(ExtensibilityGlobals) = postSolution
		SolutionGuid = {B0CB9772-2D82-4186-96EE-F16D9B38F4F1}
	EndGlobalSection
EndGlobal
